
Microsoft Visual Studio Solution File, Format Version 12.00
# Visual Studio Version 16
VisualStudioVersion = 16.0.30503.244
MinimumVisualStudioVersion = 10.0.40219.1
Project("{9A19103F-16F7-4668-BE54-9A1E7A4F7556}") = "BLL", "BLL\BLL.csproj", "{19FE7555-2225-46B9-BF8B-07EE156A827C}"
EndProject
Project("{9A19103F-16F7-4668-BE54-9A1E7A4F7556}") = "DAL", "DAL\DAL.csproj", "{DD8FAC26-43CD-4967-AAEB-35B657D9B89F}"
EndProject
Project("{9A19103F-16F7-4668-BE54-9A1E7A4F7556}") = "DTO", "DTO\DTO.csproj", "{7453D87C-C89D-437C-BC68-16A43D8E6A12}"
EndProject
Project("{FAE04EC0-301F-11D3-BF4B-00C04F79EFBC}") = "VSBookingProject", "VSBookingProject\VSBookingProject.csproj", "{D3CBC40B-41E8-4074-ABEA-86F350A1B1C0}"
EndProject
Global
	GlobalSection(SolutionConfigurationPlatforms) = preSolution
		Debug|Any CPU = Debug|Any CPU
		Release|Any CPU = Release|Any CPU
	EndGlobalSection
	GlobalSection(ProjectConfigurationPlatforms) = postSolution
		{19FE7555-2225-46B9-BF8B-07EE156A827C}.Debug|Any CPU.ActiveCfg = Debug|Any CPU
		{19FE7555-2225-46B9-BF8B-07EE156A827C}.Debug|Any CPU.Build.0 = Debug|Any CPU
		{19FE7555-2225-46B9-BF8B-07EE156A827C}.Release|Any CPU.ActiveCfg = Release|Any CPU
		{19FE7555-2225-46B9-BF8B-07EE156A827C}.Release|Any CPU.Build.0 = Release|Any CPU
		{DD8FAC26-43CD-4967-AAEB-35B657D9B89F}.Debug|Any CPU.ActiveCfg = Debug|Any CPU
		{DD8FAC26-43CD-4967-AAEB-35B657D9B89F}.Debug|Any CPU.Build.0 = Debug|Any CPU
		{DD8FAC26-43CD-4967-AAEB-35B657D9B89F}.Release|Any CPU.ActiveCfg = Release|Any CPU
		{DD8FAC26-43CD-4967-AAEB-35B657D9B89F}.Release|Any CPU.Build.0 = Release|Any CPU
		{7453D87C-C89D-437C-BC68-16A43D8E6A12}.Debug|Any CPU.ActiveCfg = Debug|Any CPU
		{7453D87C-C89D-437C-BC68-16A43D8E6A12}.Debug|Any CPU.Build.0 = Debug|Any CPU
		{7453D87C-C89D-437C-BC68-16A43D8E6A12}.Release|Any CPU.ActiveCfg = Release|Any CPU
		{7453D87C-C89D-437C-BC68-16A43D8E6A12}.Release|Any CPU.Build.0 = Release|Any CPU
		{D3CBC40B-41E8-4074-ABEA-86F350A1B1C0}.Debug|Any CPU.ActiveCfg = Debug|Any CPU
		{D3CBC40B-41E8-4074-ABEA-86F350A1B1C0}.Debug|Any CPU.Build.0 = Debug|Any CPU
		{D3CBC40B-41E8-4074-ABEA-86F350A1B1C0}.Release|Any CPU.ActiveCfg = Release|Any CPU
		{D3CBC40B-41E8-4074-ABEA-86F350A1B1C0}.Release|Any CPU.Build.0 = Release|Any CPU
	EndGlobalSection
	GlobalSection(SolutionProperties) = preSolution
		HideSolutionNode = FALSE
	EndGlobalSection
	GlobalSection(ExtensibilityGlobals) = postSolution
		SolutionGuid = {311345EE-F3B1-4196-B1D7-D5AB002D5B83}
	EndGlobalSection
EndGlobal
